
Microsoft Visual Studio Solution File, Format Version 12.00
# Visual Studio Version 17
VisualStudioVersion = 17.7.34031.279
MinimumVisualStudioVersion = 10.0.40219.1
Project("{FAE04EC0-301F-11D3-BF4B-00C04F79EFBC}") = "MvcCrud", "MvcCrud\MvcCrud.csproj", "{CB0B8109-2603-4BCE-ABBB-5585A895202A}"
EndProject
Global
	GlobalSection(SolutionConfigurationPlatforms) = preSolution
		Debug|Any CPU = Debug|Any CPU
		Release|Any CPU = Release|Any CPU
	EndGlobalSection
	GlobalSection(ProjectConfigurationPlatforms) = postSolution
		{CB0B8109-2603-4BCE-ABBB-5585A895202A}.Debug|Any CPU.ActiveCfg = Debug|Any CPU
		{CB0B8109-2603-4BCE-ABBB-5585A895202A}.Debug|Any CPU.Build.0 = Debug|Any CPU
		{CB0B8109-2603-4BCE-ABBB-5585A895202A}.Release|Any CPU.ActiveCfg = Release|Any CPU
		{CB0B8109-2603-4BCE-ABBB-5585A895202A}.Release|Any CPU.Build.0 = Release|Any CPU
	EndGlobalSection
	GlobalSection(SolutionProperties) = preSolution
		HideSolutionNode = FALSE
	EndGlobalSection
	GlobalSection(ExtensibilityGlobals) = postSolution
		SolutionGuid = {2D96AB07-6D13-4BE9-9C32-C09F535C0F4E}
	EndGlobalSection
EndGlobal
